// !$*UTF8*$!
{
	archiveVersion = 1;
	classes = {
	};
	objectVersion = 50;
	objects = {

/* Begin PBXBuildFile section */
		ADBDC860248DDA0200FAC6FC /* AppDelegate.swift in Sources */ = {isa = PBXBuildFile; fileRef = ADBDC85F248DDA0200FAC6FC /* AppDelegate.swift */; };
		ADBDC862248DDA0200FAC6FC /* SceneDelegate.swift in Sources */ = {isa = PBXBuildFile; fileRef = ADBDC861248DDA0200FAC6FC /* SceneDelegate.swift */; };
		ADBDC864248DDA0200FAC6FC /* ViewController.swift in Sources */ = {isa = PBXBuildFile; fileRef = ADBDC863248DDA0200FAC6FC /* ViewController.swift */; };
		ADBDC867248DDA0200FAC6FC /* Main.storyboard in Resources */ = {isa = PBXBuildFile; fileRef = ADBDC865248DDA0200FAC6FC /* Main.storyboard */; };
		ADBDC869248DDA0500FAC6FC /* Assets.xcassets in Resources */ = {isa = PBXBuildFile; fileRef = ADBDC868248DDA0500FAC6FC /* Assets.xcassets */; };
		ADBDC86C248DDA0500FAC6FC /* LaunchScreen.storyboard in Resources */ = {isa = PBXBuildFile; fileRef = ADBDC86A248DDA0500FAC6FC /* LaunchScreen.storyboard */; };
/* End PBXBuildFile section */

/* Begin PBXFileReference section */
		ADBDC85C248DDA0200FAC6FC /* MortgagePaymentCalculator.app */ = {isa = PBXFileReference; explicitFileType = wrapper.application; includeInIndex = 0; path = MortgagePaymentCalculator.app; sourceTree = BUILT_PRODUCTS_DIR; };
		ADBDC85F248DDA0200FAC6FC /* AppDelegate.swift */ = {isa = PBXFileReference; lastKnownFileType = sourcecode.swift; path = AppDelegate.swift; sourceTree = "<group>"; };
		ADBDC861248DDA0200FAC6FC /* SceneDelegate.swift */ = {isa = PBXFileReference; lastKnownFileType = sourcecode.swift; path = SceneDelegate.swift; sourceTree = "<group>"; };
		ADBDC863248DDA0200FAC6FC /* ViewController.swift */ = {isa = PBXFileReference; lastKnownFileType = sourcecode.swift; path = ViewController.swift; sourceTree = "<group>"; };
		ADBDC866248DDA0200FAC6FC /* Base */ = {isa = PBXFileReference; lastKnownFileType = file.storyboard; name = Base; path = Base.lproj/Main.storyboard; sourceTree = "<group>"; };
		ADBDC868248DDA0500FAC6FC /* Assets.xcassets */ = {isa = PBXFileReference; lastKnownFileType = folder.assetcatalog; path = Assets.xcassets; sourceTree = "<group>"; };
		ADBDC86B248DDA0500FAC6FC /* Base */ = {isa = PBXFileReference; lastKnownFileType = file.storyboard; name = Base; path = Base.lproj/LaunchScreen.storyboard; sourceTree = "<group>"; };
		ADBDC86D248DDA0500FAC6FC /* Info.plist */ = {isa = PBXFileReference; lastKnownFileType = text.plist.xml; path = Info.plist; sourceTree = "<group>"; };
/* End PBXFileReference section */

/* Begin PBXFrameworksBuildPhase section */
		ADBDC859248DDA0200FAC6FC /* Frameworks */ = {
			isa = PBXFrameworksBuildPhase;
			buildActionMask = 2147483647;
			files = (
			);
			runOnlyForDeploymentPostprocessing = 0;
		};
/* End PBXFrameworksBuildPhase section */

/* Begin PBXGroup section */
		ADBDC853248DDA0200FAC6FC = {
			isa = PBXGroup;
			children = (
				ADBDC85E248DDA0200FAC6FC /* MortgagePaymentCalculator */,
				ADBDC85D248DDA0200FAC6FC /* Products */,
			);
			sourceTree = "<group>";
		};
		ADBDC85D248DDA0200FAC6FC /* Products */ = {
			isa = PBXGroup;
			children = (
				ADBDC85C248DDA0200FAC6FC /* MortgagePaymentCalculator.app */,
			);
			name = Products;
			sourceTree = "<group>";
		};
		ADBDC85E248DDA0200FAC6FC /* MortgagePaymentCalculator */ = {
			isa = PBXGroup;
			children = (
				ADBDC85F248DDA0200FAC6FC /* AppDelegate.swift */,
				ADBDC861248DDA0200FAC6FC /* SceneDelegate.swift */,
				ADBDC863248DDA0200FAC6FC /* ViewController.swift */,
				ADBDC865248DDA0200FAC6FC /* Main.storyboard */,
				ADBDC868248DDA0500FAC6FC /* Assets.xcassets */,
				ADBDC86A248DDA0500FAC6FC /* LaunchScreen.storyboard */,
				ADBDC86D248DDA0500FAC6FC /* Info.plist */,
			);
			path = MortgagePaymentCalculator;
			sourceTree = "<group>";
		};
/* End PBXGroup section */

/* Begin PBXNativeTarget section */
		ADBDC85B248DDA0200FAC6FC /* MortgagePaymentCalculator */ = {
			isa = PBXNativeTarget;
			buildConfigurationList = ADBDC870248DDA0500FAC6FC /* Build configuration list for PBXNativeTarget "MortgagePaymentCalculator" */;
			buildPhases = (
				ADBDC858248DDA0200FAC6FC /* Sources */,
				ADBDC859248DDA0200FAC6FC /* Frameworks */,
				ADBDC85A248DDA0200FAC6FC /* Resources */,
			);
			buildRules = (
			);
			dependencies = (
			);
			name = MortgagePaymentCalculator;
			productName = MortgagePaymentCalculator;
			productReference = ADBDC85C248DDA0200FAC6FC /* MortgagePaymentCalculator.app */;
			productType = "com.apple.product-type.application";
		};
/* End PBXNativeTarget section */

/* Begin PBXProject section */
		ADBDC854248DDA0200FAC6FC /* Project object */ = {
			isa = PBXProject;
			attributes = {
				LastSwiftUpdateCheck = 1140;
				LastUpgradeCheck = 1140;
				ORGANIZATIONNAME = "Molly Anderson";
				TargetAttributes = {
					ADBDC85B248DDA0200FAC6FC = {
						CreatedOnToolsVersion = 11.4.1;
					};
				};
			};
			buildConfigurationList = ADBDC857248DDA0200FAC6FC /* Build configuration list for PBXProject "MortgagePaymentCalculator" */;
			compatibilityVersion = "Xcode 9.3";
			developmentRegion = en;
			hasScannedForEncodings = 0;
			knownRegions = (
				en,
				Base,
			);
			mainGroup = ADBDC853248DDA0200FAC6FC;
			productRefGroup = ADBDC85D248DDA0200FAC6FC /* Products */;
			projectDirPath = "";
			projectRoot = "";
			targets = (
				ADBDC85B248DDA0200FAC6FC /* MortgagePaymentCalculator */,
			);
		};
/* End PBXProject section */

/* Begin PBXResourcesBuildPhase section */
		ADBDC85A248DDA0200FAC6FC /* Resources */ = {
			isa = PBXResourcesBuildPhase;
			buildActionMask = 2147483647;
			files = (
				ADBDC86C248DDA0500FAC6FC /* LaunchScreen.storyboard in Resources */,
				ADBDC869248DDA0500FAC6FC /* Assets.xcassets in Resources */,
				ADBDC867248DDA0200FAC6FC /* Main.storyboard in Resources */,
			);
			runOnlyForDeploymentPostprocessing = 0;
		};
/* End PBXResourcesBuildPhase section */

/* Begin PBXSourcesBuildPhase section */
		ADBDC858248DDA0200FAC6FC /* Sources */ = {
			isa = PBXSourcesBuildPhase;
			buildActionMask = 2147483647;
			files = (
				ADBDC864248DDA0200FAC6FC /* ViewController.swift in Sources */,
				ADBDC860248DDA0200FAC6FC /* AppDelegate.swift in Sources */,
				ADBDC862248DDA0200FAC6FC /* SceneDelegate.swift in Sources */,
			);
			runOnlyForDeploymentPostprocessing = 0;
		};
/* End PBXSourcesBuildPhase section */

/* Begin PBXVariantGroup section */
		ADBDC865248DDA0200FAC6FC /* Main.storyboard */ = {
			isa = PBXVariantGroup;
			children = (
				ADBDC866248DDA0200FAC6FC /* Base */,
			);
			name = Main.storyboard;
			sourceTree = "<group>";
		};
		ADBDC86A248DDA0500FAC6FC /* LaunchScreen.storyboard */ = {
			isa = PBXVariantGroup;
			children = (
				ADBDC86B248DDA0500FAC6FC /* Base */,
			);
			name = LaunchScreen.storyboard;
			sourceTree = "<group>";
		};
/* End PBXVariantGroup section */

/* Begin XCBuildConfiguration section */
		ADBDC86E248DDA0500FAC6FC /* Debug */ = {
			isa = XCBuildConfiguration;
			buildSettings = {
				ALWAYS_SEARCH_USER_PATHS = NO;
				CLANG_ANALYZER_NONNULL = YES;
				CLANG_ANALYZER_NUMBER_OBJECT_CONVERSION = YES_AGGRESSIVE;
				CLANG_CXX_LANGUAGE_STANDARD = "gnu++14";
				CLANG_CXX_LIBRARY = "libc++";
				CLANG_ENABLE_MODULES = YES;
				CLANG_ENABLE_OBJC_ARC = YES;
				CLANG_ENABLE_OBJC_WEAK = YES;
				CLANG_WARN_BLOCK_CAPTURE_AUTORELEASING = YES;
				CLANG_WARN_BOOL_CONVERSION = YES;
				CLANG_WARN_COMMA = YES;
				CLANG_WARN_CONSTANT_CONVERSION = YES;
				CLANG_WARN_DEPRECATED_OBJC_IMPLEMENTATIONS = YES;
				CLANG_WARN_DIRECT_OBJC_ISA_USAGE = YES_ERROR;
				CLANG_WARN_DOCUMENTATION_COMMENTS = YES;
				CLANG_WARN_EMPTY_BODY = YES;
				CLANG_WARN_ENUM_CONVERSION = YES;
				CLANG_WARN_INFINITE_RECURSION = YES;
				CLANG_WARN_INT_CONVERSION = YES;
				CLANG_WARN_NON_LITERAL_NULL_CONVERSION = YES;
				CLANG_WARN_OBJC_IMPLICIT_RETAIN_SELF = YES;
				CLANG_WARN_OBJC_LITERAL_CONVERSION = YES;
				CLANG_WARN_OBJC_ROOT_CLASS = YES_ERROR;
				CLANG_WARN_RANGE_LOOP_ANALYSIS = YES;
				CLANG_WARN_STRICT_PROTOTYPES = YES;
				CLANG_WARN_SUSPICIOUS_MOVE = YES;
				CLANG_WARN_UNGUARDED_AVAILABILITY = YES_AGGRESSIVE;
				CLANG_WARN_UNREACHABLE_CODE = YES;
				CLANG_WARN__DUPLICATE_METHOD_MATCH = YES;
				COPY_PHASE_STRIP = NO;
				DEBUG_INFORMATION_FORMAT = dwarf;
				ENABLE_STRICT_OBJC_MSGSEND = YES;
				ENABLE_TESTABILITY = YES;
				GCC_C_LANGUAGE_STANDARD = gnu11;
				GCC_DYNAMIC_NO_PIC = NO;
				GCC_NO_COMMON_BLOCKS = YES;
				GCC_OPTIMIZATION_LEVEL = 0;
				GCC_PREPROCESSOR_DEFINITIONS = (
					"DEBUG=1",
					"$(inherited)",
				);
				GCC_WARN_64_TO_32_BIT_CONVERSION = YES;
				GCC_WARN_ABOUT_RETURN_TYPE = YES_ERROR;
				GCC_WARN_UNDECLARED_SELECTOR = YES;
				GCC_WARN_UNINITIALIZED_AUTOS = YES_AGGRESSIVE;
				GCC_WARN_UNUSED_FUNCTION = YES;
				GCC_WARN_UNUSED_VARIABLE = YES;
				IPHONEOS_DEPLOYMENT_TARGET = 13.4;
				MTL_ENABLE_DEBUG_INFO = INCLUDE_SOURCE;
				MTL_FAST_MATH = YES;
				ONLY_ACTIVE_ARCH = YES;
				SDKROOT = iphoneos;
				SWIFT_ACTIVE_COMPILATION_CONDITIONS = DEBUG;
				SWIFT_OPTIMIZATION_LEVEL = "-Onone";
			};
			name = Debug;
		};
		ADBDC86F248DDA0500FAC6FC /* Release */ = {
			isa = XCBuildConfiguration;
			buildSettings = {
				ALWAYS_SEARCH_USER_PATHS = NO;
				CLANG_ANALYZER_NONNULL = YES;
				CLANG_ANALYZER_NUMBER_OBJECT_CONVERSION = YES_AGGRESSIVE;
				CLANG_CXX_LANGUAGE_STANDARD = "gnu++14";
				CLANG_CXX_LIBRARY = "libc++";
				CLANG_ENABLE_MODULES = YES;
				CLANG_ENABLE_OBJC_ARC = YES;
				CLANG_ENABLE_OBJC_WEAK = YES;
				CLANG_WARN_BLOCK_CAPTURE_AUTORELEASING = YES;
				CLANG_WARN_BOOL_CONVERSION = YES;
				CLANG_WARN_COMMA = YES;
				CLANG_WARN_CONSTANT_CONVERSION = YES;
				CLANG_WARN_DEPRECATED_OBJC_IMPLEMENTATIONS = YES;
				CLANG_WARN_DIRECT_OBJC_ISA_USAGE = YES_ERROR;
				CLANG_WARN_DOCUMENTATION_COMMENTS = YES;
				CLANG_WARN_EMPTY_BODY = YES;
				CLANG_WARN_ENUM_CONVERSION = YES;
				CLANG_WARN_INFINITE_RECURSION = YES;
				CLANG_WARN_INT_CONVERSION = YES;
				CLANG_WARN_NON_LITERAL_NULL_CONVERSION = YES;
				CLANG_WARN_OBJC_IMPLICIT_RETAIN_SELF = YES;
				CLANG_WARN_OBJC_LITERAL_CONVERSION = YES;
				CLANG_WARN_OBJC_ROOT_CLASS = YES_ERROR;
				CLANG_WARN_RANGE_LOOP_ANALYSIS = YES;
				CLANG_WARN_STRICT_PROTOTYPES = YES;
				CLANG_WARN_SUSPICIOUS_MOVE = YES;
				CLANG_WARN_UNGUARDED_AVAILABILITY = YES_AGGRESSIVE;
				CLANG_WARN_UNREACHABLE_CODE = YES;
				CLANG_WARN__DUPLICATE_METHOD_MATCH = YES;
				COPY_PHASE_STRIP = NO;
				DEBUG_INFORMATION_FORMAT = "dwarf-with-dsym";
				ENABLE_NS_ASSERTIONS = NO;
				ENABLE_STRICT_OBJC_MSGSEND = YES;
				GCC_C_LANGUAGE_STANDARD = gnu11;
				GCC_NO_COMMON_BLOCKS = YES;
				GCC_WARN_64_TO_32_BIT_CONVERSION = YES;
				GCC_WARN_ABOUT_RETURN_TYPE = YES_ERROR;
				GCC_WARN_UNDECLARED_SELECTOR = YES;
				GCC_WARN_UNINITIALIZED_AUTOS = YES_AGGRESSIVE;
				GCC_WARN_UNUSED_FUNCTION = YES;
				GCC_WARN_UNUSED_VARIABLE = YES;
				IPHONEOS_DEPLOYMENT_TARGET = 13.4;
				MTL_ENABLE_DEBUG_INFO = NO;
				MTL_FAST_MATH = YES;
				SDKROOT = iphoneos;
				SWIFT_COMPILATION_MODE = wholemodule;
				SWIFT_OPTIMIZATION_LEVEL = "-O";
				VALIDATE_PRODUCT = YES;
			};
			name = Release;
		};
		ADBDC871248DDA0500FAC6FC /* Debug */ = {
			isa = XCBuildConfiguration;
			buildSettings = {
				ASSETCATALOG_COMPILER_APPICON_NAME = AppIcon;
				CODE_SIGN_STYLE = Automatic;
				DEVELOPMENT_TEAM = 254LFFNPUX;
				INFOPLIST_FILE = MortgagePaymentCalculator/Info.plist;
				LD_RUNPATH_SEARCH_PATHS = (
					"$(inherited)",
					"@executable_path/Frameworks",
				);
				PRODUCT_BUNDLE_IDENTIFIER = com.mollypanderson.MortgagePaymentCalculator;
				PRODUCT_NAME = "$(TARGET_NAME)";
				SWIFT_VERSION = 5.0;
				TARGETED_DEVICE_FAMILY = "1,2";
			};
			name = Debug;
		};
		ADBDC872248DDA0500FAC6FC /* Release */ = {
			isa = XCBuildConfiguration;
			buildSettings = {
				ASSETCATALOG_COMPILER_APPICON_NAME = AppIcon;
				CODE_SIGN_STYLE = Automatic;
				DEVELOPMENT_TEAM = 254LFFNPUX;
				INFOPLIST_FILE = MortgagePaymentCalculator/Info.plist;
				LD_RUNPATH_SEARCH_PATHS = (
					"$(inherited)",
					"@executable_path/Frameworks",
				);
				PRODUCT_BUNDLE_IDENTIFIER = com.mollypanderson.MortgagePaymentCalculator;
				PRODUCT_NAME = "$(TARGET_NAME)";
				SWIFT_VERSION = 5.0;
				TARGETED_DEVICE_FAMILY = "1,2";
			};
			name = Release;
		};
/* End XCBuildConfiguration section */

/* Begin XCConfigurationList section */
		ADBDC857248DDA0200FAC6FC /* Build configuration list for PBXProject "MortgagePaymentCalculator" */ = {
			isa = XCConfigurationList;
			buildConfigurations = (
				ADBDC86E248DDA0500FAC6FC /* Debug */,
				ADBDC86F248DDA0500FAC6FC /* Release */,
			);
			defaultConfigurationIsVisible = 0;
			defaultConfigurationName = Release;
		};
		ADBDC870248DDA0500FAC6FC /* Build configuration list for PBXNativeTarget "MortgagePaymentCalculator" */ = {
			isa = XCConfigurationList;
			buildConfigurations = (
				ADBDC871248DDA0500FAC6FC /* Debug */,
				ADBDC872248DDA0500FAC6FC /* Release */,
			);
			defaultConfigurationIsVisible = 0;
			defaultConfigurationName = Release;
		};
/* End XCConfigurationList section */
	};
	rootObject = ADBDC854248DDA0200FAC6FC /* Project object */;
}
